
Microsoft Visual Studio Solution File, Format Version 12.00
# Visual Studio Version 17
VisualStudioVersion = 17.3.32929.385
MinimumVisualStudioVersion = 10.0.40219.1
Project("{FAE04EC0-301F-11D3-BF4B-00C04F79EFBC}") = "ConsoleApp1", "ConsoleApp1\ConsoleApp1.csproj", "{810C793F-9631-42DC-BF37-8FC7879E8C6E}"
EndProject
Project("{9A19103F-16F7-4668-BE54-9A1E7A4F7556}") = "AM.ApplicationCore", "V.ApplicationCore\AM.ApplicationCore.csproj", "{3DDAFF96-E358-423F-88A0-CF09B140187C}"
EndProject
Project("{9A19103F-16F7-4668-BE54-9A1E7A4F7556}") = "AM.Infratructure", "V.Infratructure\AM.Infratructure.csproj", "{B258992F-7AB4-426E-BF78-BB8878EAE24A}"
EndProject
Global
	GlobalSection(SolutionConfigurationPlatforms) = preSolution
		Debug|Any CPU = Debug|Any CPU
		Release|Any CPU = Release|Any CPU
	EndGlobalSection
	GlobalSection(ProjectConfigurationPlatforms) = postSolution
		{810C793F-9631-42DC-BF37-8FC7879E8C6E}.Debug|Any CPU.ActiveCfg = Debug|Any CPU
		{810C793F-9631-42DC-BF37-8FC7879E8C6E}.Debug|Any CPU.Build.0 = Debug|Any CPU
		{810C793F-9631-42DC-BF37-8FC7879E8C6E}.Release|Any CPU.ActiveCfg = Release|Any CPU
		{810C793F-9631-42DC-BF37-8FC7879E8C6E}.Release|Any CPU.Build.0 = Release|Any CPU
		{3DDAFF96-E358-423F-88A0-CF09B140187C}.Debug|Any CPU.ActiveCfg = Debug|Any CPU
		{3DDAFF96-E358-423F-88A0-CF09B140187C}.Debug|Any CPU.Build.0 = Debug|Any CPU
		{3DDAFF96-E358-423F-88A0-CF09B140187C}.Release|Any CPU.ActiveCfg = Release|Any CPU
		{3DDAFF96-E358-423F-88A0-CF09B140187C}.Release|Any CPU.Build.0 = Release|Any CPU
		{B258992F-7AB4-426E-BF78-BB8878EAE24A}.Debug|Any CPU.ActiveCfg = Debug|Any CPU
		{B258992F-7AB4-426E-BF78-BB8878EAE24A}.Debug|Any CPU.Build.0 = Debug|Any CPU
		{B258992F-7AB4-426E-BF78-BB8878EAE24A}.Release|Any CPU.ActiveCfg = Release|Any CPU
		{B258992F-7AB4-426E-BF78-BB8878EAE24A}.Release|Any CPU.Build.0 = Release|Any CPU
	EndGlobalSection
	GlobalSection(SolutionProperties) = preSolution
		HideSolutionNode = FALSE
	EndGlobalSection
	GlobalSection(ExtensibilityGlobals) = postSolution
		SolutionGuid = {3CAA2778-4E64-4961-8B87-CBBA94BE31A0}
	EndGlobalSection
EndGlobal
